// !$*UTF8*$!
{
	archiveVersion = 1;
	classes = {
	};
	objectVersion = 50;
	objects = {

/* Begin PBXBuildFile section */
		0A0E9D312153CAA500AF2631 /* AppDelegate.swift in Sources */ = {isa = PBXBuildFile; fileRef = 0A0E9D302153CAA500AF2631 /* AppDelegate.swift */; };
		0A0E9D332153CAA500AF2631 /* ViewController.swift in Sources */ = {isa = PBXBuildFile; fileRef = 0A0E9D322153CAA500AF2631 /* ViewController.swift */; };
		0A0E9D362153CAA500AF2631 /* Main.storyboard in Resources */ = {isa = PBXBuildFile; fileRef = 0A0E9D342153CAA500AF2631 /* Main.storyboard */; };
		0A0E9D382153CAA900AF2631 /* Assets.xcassets in Resources */ = {isa = PBXBuildFile; fileRef = 0A0E9D372153CAA900AF2631 /* Assets.xcassets */; };
		0A0E9D3B2153CAA900AF2631 /* LaunchScreen.storyboard in Resources */ = {isa = PBXBuildFile; fileRef = 0A0E9D392153CAA900AF2631 /* LaunchScreen.storyboard */; };
		0A0E9D442153CC1C00AF2631 /* Alamofire.framework in Frameworks */ = {isa = PBXBuildFile; fileRef = 0A0E9D432153CC1C00AF2631 /* Alamofire.framework */; };
/* End PBXBuildFile section */

/* Begin PBXFileReference section */
		0A0E9D2D2153CAA500AF2631 /* iOS-multipartAPI.app */ = {isa = PBXFileReference; explicitFileType = wrapper.application; includeInIndex = 0; path = "iOS-multipartAPI.app"; sourceTree = BUILT_PRODUCTS_DIR; };
		0A0E9D302153CAA500AF2631 /* AppDelegate.swift */ = {isa = PBXFileReference; lastKnownFileType = sourcecode.swift; path = AppDelegate.swift; sourceTree = "<group>"; };
		0A0E9D322153CAA500AF2631 /* ViewController.swift */ = {isa = PBXFileReference; lastKnownFileType = sourcecode.swift; path = ViewController.swift; sourceTree = "<group>"; };
		0A0E9D352153CAA500AF2631 /* Base */ = {isa = PBXFileReference; lastKnownFileType = file.storyboard; name = Base; path = Base.lproj/Main.storyboard; sourceTree = "<group>"; };
		0A0E9D372153CAA900AF2631 /* Assets.xcassets */ = {isa = PBXFileReference; lastKnownFileType = folder.assetcatalog; path = Assets.xcassets; sourceTree = "<group>"; };
		0A0E9D3A2153CAA900AF2631 /* Base */ = {isa = PBXFileReference; lastKnownFileType = file.storyboard; name = Base; path = Base.lproj/LaunchScreen.storyboard; sourceTree = "<group>"; };
		0A0E9D3C2153CAA900AF2631 /* Info.plist */ = {isa = PBXFileReference; lastKnownFileType = text.plist.xml; path = Info.plist; sourceTree = "<group>"; };
		0A0E9D432153CC1C00AF2631 /* Alamofire.framework */ = {isa = PBXFileReference; lastKnownFileType = wrapper.framework; name = Alamofire.framework; path = Carthage/Build/iOS/Alamofire.framework; sourceTree = "<group>"; };
/* End PBXFileReference section */

/* Begin PBXFrameworksBuildPhase section */
		0A0E9D2A2153CAA500AF2631 /* Frameworks */ = {
			isa = PBXFrameworksBuildPhase;
			buildActionMask = 2147483647;
			files = (
				0A0E9D442153CC1C00AF2631 /* Alamofire.framework in Frameworks */,
			);
			runOnlyForDeploymentPostprocessing = 0;
		};
/* End PBXFrameworksBuildPhase section */

/* Begin PBXGroup section */
		0A0E9D242153CAA500AF2631 = {
			isa = PBXGroup;
			children = (
				0A0E9D2F2153CAA500AF2631 /* iOS-multipartAPI */,
				0A0E9D2E2153CAA500AF2631 /* Products */,
				0A0E9D422153CC1C00AF2631 /* Frameworks */,
			);
			sourceTree = "<group>";
		};
		0A0E9D2E2153CAA500AF2631 /* Products */ = {
			isa = PBXGroup;
			children = (
				0A0E9D2D2153CAA500AF2631 /* iOS-multipartAPI.app */,
			);
			name = Products;
			sourceTree = "<group>";
		};
		0A0E9D2F2153CAA500AF2631 /* iOS-multipartAPI */ = {
			isa = PBXGroup;
			children = (
				0A0E9D302153CAA500AF2631 /* AppDelegate.swift */,
				0A0E9D322153CAA500AF2631 /* ViewController.swift */,
				0A0E9D342153CAA500AF2631 /* Main.storyboard */,
				0A0E9D372153CAA900AF2631 /* Assets.xcassets */,
				0A0E9D392153CAA900AF2631 /* LaunchScreen.storyboard */,
				0A0E9D3C2153CAA900AF2631 /* Info.plist */,
			);
			path = "iOS-multipartAPI";
			sourceTree = "<group>";
		};
		0A0E9D422153CC1C00AF2631 /* Frameworks */ = {
			isa = PBXGroup;
			children = (
				0A0E9D432153CC1C00AF2631 /* Alamofire.framework */,
			);
			name = Frameworks;
			sourceTree = "<group>";
		};
/* End PBXGroup section */

/* Begin PBXNativeTarget section */
		0A0E9D2C2153CAA500AF2631 /* iOS-multipartAPI */ = {
			isa = PBXNativeTarget;
			buildConfigurationList = 0A0E9D3F2153CAA900AF2631 /* Build configuration list for PBXNativeTarget "iOS-multipartAPI" */;
			buildPhases = (
				0A0E9D292153CAA500AF2631 /* Sources */,
				0A0E9D2A2153CAA500AF2631 /* Frameworks */,
				0A0E9D2B2153CAA500AF2631 /* Resources */,
				0A0E9D452153CC2300AF2631 /* ShellScript */,
			);
			buildRules = (
			);
			dependencies = (
			);
			name = "iOS-multipartAPI";
			productName = "iOS-multipartAPI";
			productReference = 0A0E9D2D2153CAA500AF2631 /* iOS-multipartAPI.app */;
			productType = "com.apple.product-type.application";
		};
/* End PBXNativeTarget section */

/* Begin PBXProject section */
		0A0E9D252153CAA500AF2631 /* Project object */ = {
			isa = PBXProject;
			attributes = {
				LastSwiftUpdateCheck = 0940;
				LastUpgradeCheck = 0940;
				ORGANIZATIONNAME = "Jack Wong";
				TargetAttributes = {
					0A0E9D2C2153CAA500AF2631 = {
						CreatedOnToolsVersion = 9.4.1;
					};
				};
			};
			buildConfigurationList = 0A0E9D282153CAA500AF2631 /* Build configuration list for PBXProject "iOS-multipartAPI" */;
			compatibilityVersion = "Xcode 9.3";
			developmentRegion = en;
			hasScannedForEncodings = 0;
			knownRegions = (
				en,
				Base,
			);
			mainGroup = 0A0E9D242153CAA500AF2631;
			productRefGroup = 0A0E9D2E2153CAA500AF2631 /* Products */;
			projectDirPath = "";
			projectRoot = "";
			targets = (
				0A0E9D2C2153CAA500AF2631 /* iOS-multipartAPI */,
			);
		};
/* End PBXProject section */

/* Begin PBXResourcesBuildPhase section */
		0A0E9D2B2153CAA500AF2631 /* Resources */ = {
			isa = PBXResourcesBuildPhase;
			buildActionMask = 2147483647;
			files = (
				0A0E9D3B2153CAA900AF2631 /* LaunchScreen.storyboard in Resources */,
				0A0E9D382153CAA900AF2631 /* Assets.xcassets in Resources */,
				0A0E9D362153CAA500AF2631 /* Main.storyboard in Resources */,
			);
			runOnlyForDeploymentPostprocessing = 0;
		};
/* End PBXResourcesBuildPhase section */

/* Begin PBXShellScriptBuildPhase section */
		0A0E9D452153CC2300AF2631 /* ShellScript */ = {
			isa = PBXShellScriptBuildPhase;
			buildActionMask = 2147483647;
			files = (
			);
			inputPaths = (
				"$(SRCROOT)/Carthage/Build/iOS/Alamofire.framework",
			);
			outputPaths = (
			);
			runOnlyForDeploymentPostprocessing = 0;
			shellPath = /bin/sh;
			shellScript = "/usr/local/bin/carthage copy-frameworks";
		};
/* End PBXShellScriptBuildPhase section */

/* Begin PBXSourcesBuildPhase section */
		0A0E9D292153CAA500AF2631 /* Sources */ = {
			isa = PBXSourcesBuildPhase;
			buildActionMask = 2147483647;
			files = (
				0A0E9D332153CAA500AF2631 /* ViewController.swift in Sources */,
				0A0E9D312153CAA500AF2631 /* AppDelegate.swift in Sources */,
			);
			runOnlyForDeploymentPostprocessing = 0;
		};
/* End PBXSourcesBuildPhase section */

/* Begin PBXVariantGroup section */
		0A0E9D342153CAA500AF2631 /* Main.storyboard */ = {
			isa = PBXVariantGroup;
			children = (
				0A0E9D352153CAA500AF2631 /* Base */,
			);
			name = Main.storyboard;
			sourceTree = "<group>";
		};
		0A0E9D392153CAA900AF2631 /* LaunchScreen.storyboard */ = {
			isa = PBXVariantGroup;
			children = (
				0A0E9D3A2153CAA900AF2631 /* Base */,
			);
			name = LaunchScreen.storyboard;
			sourceTree = "<group>";
		};
/* End PBXVariantGroup section */

/* Begin XCBuildConfiguration section */
		0A0E9D3D2153CAA900AF2631 /* Debug */ = {
			isa = XCBuildConfiguration;
			buildSettings = {
				ALWAYS_SEARCH_USER_PATHS = NO;
				CLANG_ANALYZER_NONNULL = YES;
				CLANG_ANALYZER_NUMBER_OBJECT_CONVERSION = YES_AGGRESSIVE;
				CLANG_CXX_LANGUAGE_STANDARD = "gnu++14";
				CLANG_CXX_LIBRARY = "libc++";
				CLANG_ENABLE_MODULES = YES;
				CLANG_ENABLE_OBJC_ARC = YES;
				CLANG_ENABLE_OBJC_WEAK = YES;
				CLANG_WARN_BLOCK_CAPTURE_AUTORELEASING = YES;
				CLANG_WARN_BOOL_CONVERSION = YES;
				CLANG_WARN_COMMA = YES;
				CLANG_WARN_CONSTANT_CONVERSION = YES;
				CLANG_WARN_DEPRECATED_OBJC_IMPLEMENTATIONS = YES;
				CLANG_WARN_DIRECT_OBJC_ISA_USAGE = YES_ERROR;
				CLANG_WARN_DOCUMENTATION_COMMENTS = YES;
				CLANG_WARN_EMPTY_BODY = YES;
				CLANG_WARN_ENUM_CONVERSION = YES;
				CLANG_WARN_INFINITE_RECURSION = YES;
				CLANG_WARN_INT_CONVERSION = YES;
				CLANG_WARN_NON_LITERAL_NULL_CONVERSION = YES;
				CLANG_WARN_OBJC_IMPLICIT_RETAIN_SELF = YES;
				CLANG_WARN_OBJC_LITERAL_CONVERSION = YES;
				CLANG_WARN_OBJC_ROOT_CLASS = YES_ERROR;
				CLANG_WARN_RANGE_LOOP_ANALYSIS = YES;
				CLANG_WARN_STRICT_PROTOTYPES = YES;
				CLANG_WARN_SUSPICIOUS_MOVE = YES;
				CLANG_WARN_UNGUARDED_AVAILABILITY = YES_AGGRESSIVE;
				CLANG_WARN_UNREACHABLE_CODE = YES;
				CLANG_WARN__DUPLICATE_METHOD_MATCH = YES;
				CODE_SIGN_IDENTITY = "iPhone Developer";
				COPY_PHASE_STRIP = NO;
				DEBUG_INFORMATION_FORMAT = dwarf;
				ENABLE_STRICT_OBJC_MSGSEND = YES;
				ENABLE_TESTABILITY = YES;
				GCC_C_LANGUAGE_STANDARD = gnu11;
				GCC_DYNAMIC_NO_PIC = NO;
				GCC_NO_COMMON_BLOCKS = YES;
				GCC_OPTIMIZATION_LEVEL = 0;
				GCC_PREPROCESSOR_DEFINITIONS = (
					"DEBUG=1",
					"$(inherited)",
				);
				GCC_WARN_64_TO_32_BIT_CONVERSION = YES;
				GCC_WARN_ABOUT_RETURN_TYPE = YES_ERROR;
				GCC_WARN_UNDECLARED_SELECTOR = YES;
				GCC_WARN_UNINITIALIZED_AUTOS = YES_AGGRESSIVE;
				GCC_WARN_UNUSED_FUNCTION = YES;
				GCC_WARN_UNUSED_VARIABLE = YES;
				IPHONEOS_DEPLOYMENT_TARGET = 11.4;
				MTL_ENABLE_DEBUG_INFO = YES;
				ONLY_ACTIVE_ARCH = YES;
				SDKROOT = iphoneos;
				SWIFT_ACTIVE_COMPILATION_CONDITIONS = DEBUG;
				SWIFT_OPTIMIZATION_LEVEL = "-Onone";
			};
			name = Debug;
		};
		0A0E9D3E2153CAA900AF2631 /* Release */ = {
			isa = XCBuildConfiguration;
			buildSettings = {
				ALWAYS_SEARCH_USER_PATHS = NO;
				CLANG_ANALYZER_NONNULL = YES;
				CLANG_ANALYZER_NUMBER_OBJECT_CONVERSION = YES_AGGRESSIVE;
				CLANG_CXX_LANGUAGE_STANDARD = "gnu++14";
				CLANG_CXX_LIBRARY = "libc++";
				CLANG_ENABLE_MODULES = YES;
				CLANG_ENABLE_OBJC_ARC = YES;
				CLANG_ENABLE_OBJC_WEAK = YES;
				CLANG_WARN_BLOCK_CAPTURE_AUTORELEASING = YES;
				CLANG_WARN_BOOL_CONVERSION = YES;
				CLANG_WARN_COMMA = YES;
				CLANG_WARN_CONSTANT_CONVERSION = YES;
				CLANG_WARN_DEPRECATED_OBJC_IMPLEMENTATIONS = YES;
				CLANG_WARN_DIRECT_OBJC_ISA_USAGE = YES_ERROR;
				CLANG_WARN_DOCUMENTATION_COMMENTS = YES;
				CLANG_WARN_EMPTY_BODY = YES;
				CLANG_WARN_ENUM_CONVERSION = YES;
				CLANG_WARN_INFINITE_RECURSION = YES;
				CLANG_WARN_INT_CONVERSION = YES;
				CLANG_WARN_NON_LITERAL_NULL_CONVERSION = YES;
				CLANG_WARN_OBJC_IMPLICIT_RETAIN_SELF = YES;
				CLANG_WARN_OBJC_LITERAL_CONVERSION = YES;
				CLANG_WARN_OBJC_ROOT_CLASS = YES_ERROR;
				CLANG_WARN_RANGE_LOOP_ANALYSIS = YES;
				CLANG_WARN_STRICT_PROTOTYPES = YES;
				CLANG_WARN_SUSPICIOUS_MOVE = YES;
				CLANG_WARN_UNGUARDED_AVAILABILITY = YES_AGGRESSIVE;
				CLANG_WARN_UNREACHABLE_CODE = YES;
				CLANG_WARN__DUPLICATE_METHOD_MATCH = YES;
				CODE_SIGN_IDENTITY = "iPhone Developer";
				COPY_PHASE_STRIP = NO;
				DEBUG_INFORMATION_FORMAT = "dwarf-with-dsym";
				ENABLE_NS_ASSERTIONS = NO;
				ENABLE_STRICT_OBJC_MSGSEND = YES;
				GCC_C_LANGUAGE_STANDARD = gnu11;
				GCC_NO_COMMON_BLOCKS = YES;
				GCC_WARN_64_TO_32_BIT_CONVERSION = YES;
				GCC_WARN_ABOUT_RETURN_TYPE = YES_ERROR;
				GCC_WARN_UNDECLARED_SELECTOR = YES;
				GCC_WARN_UNINITIALIZED_AUTOS = YES_AGGRESSIVE;
				GCC_WARN_UNUSED_FUNCTION = YES;
				GCC_WARN_UNUSED_VARIABLE = YES;
				IPHONEOS_DEPLOYMENT_TARGET = 11.4;
				MTL_ENABLE_DEBUG_INFO = NO;
				SDKROOT = iphoneos;
				SWIFT_COMPILATION_MODE = wholemodule;
				SWIFT_OPTIMIZATION_LEVEL = "-O";
				VALIDATE_PRODUCT = YES;
			};
			name = Release;
		};
		0A0E9D402153CAA900AF2631 /* Debug */ = {
			isa = XCBuildConfiguration;
			buildSettings = {
				ASSETCATALOG_COMPILER_APPICON_NAME = AppIcon;
				CODE_SIGN_STYLE = Automatic;
				DEVELOPMENT_TEAM = PCCZJUYRT6;
				FRAMEWORK_SEARCH_PATHS = (
					"$(inherited)",
					"$(PROJECT_DIR)/Carthage/Build/iOS",
				);
				INFOPLIST_FILE = "iOS-multipartAPI/Info.plist";
				LD_RUNPATH_SEARCH_PATHS = (
					"$(inherited)",
					"@executable_path/Frameworks",
				);
				PRODUCT_BUNDLE_IDENTIFIER = "com.iOS-multipartAPI";
				PRODUCT_NAME = "$(TARGET_NAME)";
				SWIFT_VERSION = 4.0;
				TARGETED_DEVICE_FAMILY = "1,2";
			};
			name = Debug;
		};
		0A0E9D412153CAA900AF2631 /* Release */ = {
			isa = XCBuildConfiguration;
			buildSettings = {
				ASSETCATALOG_COMPILER_APPICON_NAME = AppIcon;
				CODE_SIGN_STYLE = Automatic;
				DEVELOPMENT_TEAM = PCCZJUYRT6;
				FRAMEWORK_SEARCH_PATHS = (
					"$(inherited)",
					"$(PROJECT_DIR)/Carthage/Build/iOS",
				);
				INFOPLIST_FILE = "iOS-multipartAPI/Info.plist";
				LD_RUNPATH_SEARCH_PATHS = (
					"$(inherited)",
					"@executable_path/Frameworks",
				);
				PRODUCT_BUNDLE_IDENTIFIER = "com.iOS-multipartAPI";
				PRODUCT_NAME = "$(TARGET_NAME)";
				SWIFT_VERSION = 4.0;
				TARGETED_DEVICE_FAMILY = "1,2";
			};
			name = Release;
		};
/* End XCBuildConfiguration section */

/* Begin XCConfigurationList section */
		0A0E9D282153CAA500AF2631 /* Build configuration list for PBXProject "iOS-multipartAPI" */ = {
			isa = XCConfigurationList;
			buildConfigurations = (
				0A0E9D3D2153CAA900AF2631 /* Debug */,
				0A0E9D3E2153CAA900AF2631 /* Release */,
			);
			defaultConfigurationIsVisible = 0;
			defaultConfigurationName = Release;
		};
		0A0E9D3F2153CAA900AF2631 /* Build configuration list for PBXNativeTarget "iOS-multipartAPI" */ = {
			isa = XCConfigurationList;
			buildConfigurations = (
				0A0E9D402153CAA900AF2631 /* Debug */,
				0A0E9D412153CAA900AF2631 /* Release */,
			);
			defaultConfigurationIsVisible = 0;
			defaultConfigurationName = Release;
		};
/* End XCConfigurationList section */
	};
	rootObject = 0A0E9D252153CAA500AF2631 /* Project object */;
}
